// !$*UTF8*$!
{
	archiveVersion = 1;
	classes = {
	};
	objectVersion = 56;
	objects = {

/* Begin PBXBuildFile section */
		7B6D51A62A376B0F003B1D2F /* Git_and_GithubApp.swift in Sources */ = {isa = PBXBuildFile; fileRef = 7B6D51A52A376B0F003B1D2F /* Git_and_GithubApp.swift */; };
		7B6D51A82A376B0F003B1D2F /* ContentView.swift in Sources */ = {isa = PBXBuildFile; fileRef = 7B6D51A72A376B0F003B1D2F /* ContentView.swift */; };
		7B6D51AA2A376B10003B1D2F /* Assets.xcassets in Resources */ = {isa = PBXBuildFile; fileRef = 7B6D51A92A376B10003B1D2F /* Assets.xcassets */; };
		7B6D51AD2A376B10003B1D2F /* Preview Assets.xcassets in Resources */ = {isa = PBXBuildFile; fileRef = 7B6D51AC2A376B10003B1D2F /* Preview Assets.xcassets */; };
		7B6D51B72A376B11003B1D2F /* Git_and_GithubTests.swift in Sources */ = {isa = PBXBuildFile; fileRef = 7B6D51B62A376B11003B1D2F /* Git_and_GithubTests.swift */; };
		7B6D51C12A376B11003B1D2F /* Git_and_GithubUITests.swift in Sources */ = {isa = PBXBuildFile; fileRef = 7B6D51C02A376B11003B1D2F /* Git_and_GithubUITests.swift */; };
		7B6D51C32A376B11003B1D2F /* Git_and_GithubUITestsLaunchTests.swift in Sources */ = {isa = PBXBuildFile; fileRef = 7B6D51C22A376B11003B1D2F /* Git_and_GithubUITestsLaunchTests.swift */; };
/* End PBXBuildFile section */

/* Begin PBXContainerItemProxy section */
		7B6D51B32A376B11003B1D2F /* PBXContainerItemProxy */ = {
			isa = PBXContainerItemProxy;
			containerPortal = 7B6D519A2A376B0F003B1D2F /* Project object */;
			proxyType = 1;
			remoteGlobalIDString = 7B6D51A12A376B0F003B1D2F;
			remoteInfo = "Git and Github";
		};
		7B6D51BD2A376B11003B1D2F /* PBXContainerItemProxy */ = {
			isa = PBXContainerItemProxy;
			containerPortal = 7B6D519A2A376B0F003B1D2F /* Project object */;
			proxyType = 1;
			remoteGlobalIDString = 7B6D51A12A376B0F003B1D2F;
			remoteInfo = "Git and Github";
		};
/* End PBXContainerItemProxy section */

/* Begin PBXFileReference section */
		7B6D51A22A376B0F003B1D2F /* Git and Github.app */ = {isa = PBXFileReference; explicitFileType = wrapper.application; includeInIndex = 0; path = "Git and Github.app"; sourceTree = BUILT_PRODUCTS_DIR; };
		7B6D51A52A376B0F003B1D2F /* Git_and_GithubApp.swift */ = {isa = PBXFileReference; lastKnownFileType = sourcecode.swift; path = Git_and_GithubApp.swift; sourceTree = "<group>"; };
		7B6D51A72A376B0F003B1D2F /* ContentView.swift */ = {isa = PBXFileReference; lastKnownFileType = sourcecode.swift; path = ContentView.swift; sourceTree = "<group>"; };
		7B6D51A92A376B10003B1D2F /* Assets.xcassets */ = {isa = PBXFileReference; lastKnownFileType = folder.assetcatalog; path = Assets.xcassets; sourceTree = "<group>"; };
		7B6D51AC2A376B10003B1D2F /* Preview Assets.xcassets */ = {isa = PBXFileReference; lastKnownFileType = folder.assetcatalog; path = "Preview Assets.xcassets"; sourceTree = "<group>"; };
		7B6D51B22A376B11003B1D2F /* Git and GithubTests.xctest */ = {isa = PBXFileReference; explicitFileType = wrapper.cfbundle; includeInIndex = 0; path = "Git and GithubTests.xctest"; sourceTree = BUILT_PRODUCTS_DIR; };
		7B6D51B62A376B11003B1D2F /* Git_and_GithubTests.swift */ = {isa = PBXFileReference; lastKnownFileType = sourcecode.swift; path = Git_and_GithubTests.swift; sourceTree = "<group>"; };
		7B6D51BC2A376B11003B1D2F /* Git and GithubUITests.xctest */ = {isa = PBXFileReference; explicitFileType = wrapper.cfbundle; includeInIndex = 0; path = "Git and GithubUITests.xctest"; sourceTree = BUILT_PRODUCTS_DIR; };
		7B6D51C02A376B11003B1D2F /* Git_and_GithubUITests.swift */ = {isa = PBXFileReference; lastKnownFileType = sourcecode.swift; path = Git_and_GithubUITests.swift; sourceTree = "<group>"; };
		7B6D51C22A376B11003B1D2F /* Git_and_GithubUITestsLaunchTests.swift */ = {isa = PBXFileReference; lastKnownFileType = sourcecode.swift; path = Git_and_GithubUITestsLaunchTests.swift; sourceTree = "<group>"; };
/* End PBXFileReference section */

/* Begin PBXFrameworksBuildPhase section */
		7B6D519F2A376B0F003B1D2F /* Frameworks */ = {
			isa = PBXFrameworksBuildPhase;
			buildActionMask = 2147483647;
			files = (
			);
			runOnlyForDeploymentPostprocessing = 0;
		};
		7B6D51AF2A376B11003B1D2F /* Frameworks */ = {
			isa = PBXFrameworksBuildPhase;
			buildActionMask = 2147483647;
			files = (
			);
			runOnlyForDeploymentPostprocessing = 0;
		};
		7B6D51B92A376B11003B1D2F /* Frameworks */ = {
			isa = PBXFrameworksBuildPhase;
			buildActionMask = 2147483647;
			files = (
			);
			runOnlyForDeploymentPostprocessing = 0;
		};
/* End PBXFrameworksBuildPhase section */

/* Begin PBXGroup section */
		7B6D51992A376B0F003B1D2F = {
			isa = PBXGroup;
			children = (
				7B6D51A42A376B0F003B1D2F /* Git and Github */,
				7B6D51B52A376B11003B1D2F /* Git and GithubTests */,
				7B6D51BF2A376B11003B1D2F /* Git and GithubUITests */,
				7B6D51A32A376B0F003B1D2F /* Products */,
			);
			sourceTree = "<group>";
		};
		7B6D51A32A376B0F003B1D2F /* Products */ = {
			isa = PBXGroup;
			children = (
				7B6D51A22A376B0F003B1D2F /* Git and Github.app */,
				7B6D51B22A376B11003B1D2F /* Git and GithubTests.xctest */,
				7B6D51BC2A376B11003B1D2F /* Git and GithubUITests.xctest */,
			);
			name = Products;
			sourceTree = "<group>";
		};
		7B6D51A42A376B0F003B1D2F /* Git and Github */ = {
			isa = PBXGroup;
			children = (
				7B6D51A52A376B0F003B1D2F /* Git_and_GithubApp.swift */,
				7B6D51A72A376B0F003B1D2F /* ContentView.swift */,
				7B6D51A92A376B10003B1D2F /* Assets.xcassets */,
				7B6D51AB2A376B10003B1D2F /* Preview Content */,
			);
			path = "Git and Github";
			sourceTree = "<group>";
		};
		7B6D51AB2A376B10003B1D2F /* Preview Content */ = {
			isa = PBXGroup;
			children = (
				7B6D51AC2A376B10003B1D2F /* Preview Assets.xcassets */,
			);
			path = "Preview Content";
			sourceTree = "<group>";
		};
		7B6D51B52A376B11003B1D2F /* Git and GithubTests */ = {
			isa = PBXGroup;
			children = (
				7B6D51B62A376B11003B1D2F /* Git_and_GithubTests.swift */,
			);
			path = "Git and GithubTests";
			sourceTree = "<group>";
		};
		7B6D51BF2A376B11003B1D2F /* Git and GithubUITests */ = {
			isa = PBXGroup;
			children = (
				7B6D51C02A376B11003B1D2F /* Git_and_GithubUITests.swift */,
				7B6D51C22A376B11003B1D2F /* Git_and_GithubUITestsLaunchTests.swift */,
			);
			path = "Git and GithubUITests";
			sourceTree = "<group>";
		};
/* End PBXGroup section */

/* Begin PBXNativeTarget section */
		7B6D51A12A376B0F003B1D2F /* Git and Github */ = {
			isa = PBXNativeTarget;
			buildConfigurationList = 7B6D51C62A376B11003B1D2F /* Build configuration list for PBXNativeTarget "Git and Github" */;
			buildPhases = (
				7B6D519E2A376B0F003B1D2F /* Sources */,
				7B6D519F2A376B0F003B1D2F /* Frameworks */,
				7B6D51A02A376B0F003B1D2F /* Resources */,
			);
			buildRules = (
			);
			dependencies = (
			);
			name = "Git and Github";
			productName = "Git and Github";
			productReference = 7B6D51A22A376B0F003B1D2F /* Git and Github.app */;
			productType = "com.apple.product-type.application";
		};
		7B6D51B12A376B11003B1D2F /* Git and GithubTests */ = {
			isa = PBXNativeTarget;
			buildConfigurationList = 7B6D51C92A376B11003B1D2F /* Build configuration list for PBXNativeTarget "Git and GithubTests" */;
			buildPhases = (
				7B6D51AE2A376B11003B1D2F /* Sources */,
				7B6D51AF2A376B11003B1D2F /* Frameworks */,
				7B6D51B02A376B11003B1D2F /* Resources */,
			);
			buildRules = (
			);
			dependencies = (
				7B6D51B42A376B11003B1D2F /* PBXTargetDependency */,
			);
			name = "Git and GithubTests";
			productName = "Git and GithubTests";
			productReference = 7B6D51B22A376B11003B1D2F /* Git and GithubTests.xctest */;
			productType = "com.apple.product-type.bundle.unit-test";
		};
		7B6D51BB2A376B11003B1D2F /* Git and GithubUITests */ = {
			isa = PBXNativeTarget;
			buildConfigurationList = 7B6D51CC2A376B11003B1D2F /* Build configuration list for PBXNativeTarget "Git and GithubUITests" */;
			buildPhases = (
				7B6D51B82A376B11003B1D2F /* Sources */,
				7B6D51B92A376B11003B1D2F /* Frameworks */,
				7B6D51BA2A376B11003B1D2F /* Resources */,
			);
			buildRules = (
			);
			dependencies = (
				7B6D51BE2A376B11003B1D2F /* PBXTargetDependency */,
			);
			name = "Git and GithubUITests";
			productName = "Git and GithubUITests";
			productReference = 7B6D51BC2A376B11003B1D2F /* Git and GithubUITests.xctest */;
			productType = "com.apple.product-type.bundle.ui-testing";
		};
/* End PBXNativeTarget section */

/* Begin PBXProject section */
		7B6D519A2A376B0F003B1D2F /* Project object */ = {
			isa = PBXProject;
			attributes = {
				BuildIndependentTargetsInParallel = 1;
				LastSwiftUpdateCheck = 1430;
				LastUpgradeCheck = 1430;
				TargetAttributes = {
					7B6D51A12A376B0F003B1D2F = {
						CreatedOnToolsVersion = 14.3.1;
					};
					7B6D51B12A376B11003B1D2F = {
						CreatedOnToolsVersion = 14.3.1;
						TestTargetID = 7B6D51A12A376B0F003B1D2F;
					};
					7B6D51BB2A376B11003B1D2F = {
						CreatedOnToolsVersion = 14.3.1;
						TestTargetID = 7B6D51A12A376B0F003B1D2F;
					};
				};
			};
			buildConfigurationList = 7B6D519D2A376B0F003B1D2F /* Build configuration list for PBXProject "Git and Github" */;
			compatibilityVersion = "Xcode 14.0";
			developmentRegion = en;
			hasScannedForEncodings = 0;
			knownRegions = (
				en,
				Base,
			);
			mainGroup = 7B6D51992A376B0F003B1D2F;
			productRefGroup = 7B6D51A32A376B0F003B1D2F /* Products */;
			projectDirPath = "";
			projectRoot = "";
			targets = (
				7B6D51A12A376B0F003B1D2F /* Git and Github */,
				7B6D51B12A376B11003B1D2F /* Git and GithubTests */,
				7B6D51BB2A376B11003B1D2F /* Git and GithubUITests */,
			);
		};
/* End PBXProject section */

/* Begin PBXResourcesBuildPhase section */
		7B6D51A02A376B0F003B1D2F /* Resources */ = {
			isa = PBXResourcesBuildPhase;
			buildActionMask = 2147483647;
			files = (
				7B6D51AD2A376B10003B1D2F /* Preview Assets.xcassets in Resources */,
				7B6D51AA2A376B10003B1D2F /* Assets.xcassets in Resources */,
			);
			runOnlyForDeploymentPostprocessing = 0;
		};
		7B6D51B02A376B11003B1D2F /* Resources */ = {
			isa = PBXResourcesBuildPhase;
			buildActionMask = 2147483647;
			files = (
			);
			runOnlyForDeploymentPostprocessing = 0;
		};
		7B6D51BA2A376B11003B1D2F /* Resources */ = {
			isa = PBXResourcesBuildPhase;
			buildActionMask = 2147483647;
			files = (
			);
			runOnlyForDeploymentPostprocessing = 0;
		};
/* End PBXResourcesBuildPhase section */

/* Begin PBXSourcesBuildPhase section */
		7B6D519E2A376B0F003B1D2F /* Sources */ = {
			isa = PBXSourcesBuildPhase;
			buildActionMask = 2147483647;
			files = (
				7B6D51A82A376B0F003B1D2F /* ContentView.swift in Sources */,
				7B6D51A62A376B0F003B1D2F /* Git_and_GithubApp.swift in Sources */,
			);
			runOnlyForDeploymentPostprocessing = 0;
		};
		7B6D51AE2A376B11003B1D2F /* Sources */ = {
			isa = PBXSourcesBuildPhase;
			buildActionMask = 2147483647;
			files = (
				7B6D51B72A376B11003B1D2F /* Git_and_GithubTests.swift in Sources */,
			);
			runOnlyForDeploymentPostprocessing = 0;
		};
		7B6D51B82A376B11003B1D2F /* Sources */ = {
			isa = PBXSourcesBuildPhase;
			buildActionMask = 2147483647;
			files = (
				7B6D51C32A376B11003B1D2F /* Git_and_GithubUITestsLaunchTests.swift in Sources */,
				7B6D51C12A376B11003B1D2F /* Git_and_GithubUITests.swift in Sources */,
			);
			runOnlyForDeploymentPostprocessing = 0;
		};
/* End PBXSourcesBuildPhase section */

/* Begin PBXTargetDependency section */
		7B6D51B42A376B11003B1D2F /* PBXTargetDependency */ = {
			isa = PBXTargetDependency;
			target = 7B6D51A12A376B0F003B1D2F /* Git and Github */;
			targetProxy = 7B6D51B32A376B11003B1D2F /* PBXContainerItemProxy */;
		};
		7B6D51BE2A376B11003B1D2F /* PBXTargetDependency */ = {
			isa = PBXTargetDependency;
			target = 7B6D51A12A376B0F003B1D2F /* Git and Github */;
			targetProxy = 7B6D51BD2A376B11003B1D2F /* PBXContainerItemProxy */;
		};
/* End PBXTargetDependency section */

/* Begin XCBuildConfiguration section */
		7B6D51C42A376B11003B1D2F /* Debug */ = {
			isa = XCBuildConfiguration;
			buildSettings = {
				ALWAYS_SEARCH_USER_PATHS = NO;
				CLANG_ANALYZER_NONNULL = YES;
				CLANG_ANALYZER_NUMBER_OBJECT_CONVERSION = YES_AGGRESSIVE;
				CLANG_CXX_LANGUAGE_STANDARD = "gnu++20";
				CLANG_ENABLE_MODULES = YES;
				CLANG_ENABLE_OBJC_ARC = YES;
				CLANG_ENABLE_OBJC_WEAK = YES;
				CLANG_WARN_BLOCK_CAPTURE_AUTORELEASING = YES;
				CLANG_WARN_BOOL_CONVERSION = YES;
				CLANG_WARN_COMMA = YES;
				CLANG_WARN_CONSTANT_CONVERSION = YES;
				CLANG_WARN_DEPRECATED_OBJC_IMPLEMENTATIONS = YES;
				CLANG_WARN_DIRECT_OBJC_ISA_USAGE = YES_ERROR;
				CLANG_WARN_DOCUMENTATION_COMMENTS = YES;
				CLANG_WARN_EMPTY_BODY = YES;
				CLANG_WARN_ENUM_CONVERSION = YES;
				CLANG_WARN_INFINITE_RECURSION = YES;
				CLANG_WARN_INT_CONVERSION = YES;
				CLANG_WARN_NON_LITERAL_NULL_CONVERSION = YES;
				CLANG_WARN_OBJC_IMPLICIT_RETAIN_SELF = YES;
				CLANG_WARN_OBJC_LITERAL_CONVERSION = YES;
				CLANG_WARN_OBJC_ROOT_CLASS = YES_ERROR;
				CLANG_WARN_QUOTED_INCLUDE_IN_FRAMEWORK_HEADER = YES;
				CLANG_WARN_RANGE_LOOP_ANALYSIS = YES;
				CLANG_WARN_STRICT_PROTOTYPES = YES;
				CLANG_WARN_SUSPICIOUS_MOVE = YES;
				CLANG_WARN_UNGUARDED_AVAILABILITY = YES_AGGRESSIVE;
				CLANG_WARN_UNREACHABLE_CODE = YES;
				CLANG_WARN__DUPLICATE_METHOD_MATCH = YES;
				COPY_PHASE_STRIP = NO;
				DEBUG_INFORMATION_FORMAT = dwarf;
				ENABLE_STRICT_OBJC_MSGSEND = YES;
				ENABLE_TESTABILITY = YES;
				GCC_C_LANGUAGE_STANDARD = gnu11;
				GCC_DYNAMIC_NO_PIC = NO;
				GCC_NO_COMMON_BLOCKS = YES;
				GCC_OPTIMIZATION_LEVEL = 0;
				GCC_PREPROCESSOR_DEFINITIONS = (
					"DEBUG=1",
					"$(inherited)",
				);
				GCC_WARN_64_TO_32_BIT_CONVERSION = YES;
				GCC_WARN_ABOUT_RETURN_TYPE = YES_ERROR;
				GCC_WARN_UNDECLARED_SELECTOR = YES;
				GCC_WARN_UNINITIALIZED_AUTOS = YES_AGGRESSIVE;
				GCC_WARN_UNUSED_FUNCTION = YES;
				GCC_WARN_UNUSED_VARIABLE = YES;
				IPHONEOS_DEPLOYMENT_TARGET = 16.4;
				MTL_ENABLE_DEBUG_INFO = INCLUDE_SOURCE;
				MTL_FAST_MATH = YES;
				ONLY_ACTIVE_ARCH = YES;
				SDKROOT = iphoneos;
				SWIFT_ACTIVE_COMPILATION_CONDITIONS = DEBUG;
				SWIFT_OPTIMIZATION_LEVEL = "-Onone";
			};
			name = Debug;
		};
		7B6D51C52A376B11003B1D2F /* Release */ = {
			isa = XCBuildConfiguration;
			buildSettings = {
				ALWAYS_SEARCH_USER_PATHS = NO;
				CLANG_ANALYZER_NONNULL = YES;
				CLANG_ANALYZER_NUMBER_OBJECT_CONVERSION = YES_AGGRESSIVE;
				CLANG_CXX_LANGUAGE_STANDARD = "gnu++20";
				CLANG_ENABLE_MODULES = YES;
				CLANG_ENABLE_OBJC_ARC = YES;
				CLANG_ENABLE_OBJC_WEAK = YES;
				CLANG_WARN_BLOCK_CAPTURE_AUTORELEASING = YES;
				CLANG_WARN_BOOL_CONVERSION = YES;
				CLANG_WARN_COMMA = YES;
				CLANG_WARN_CONSTANT_CONVERSION = YES;
				CLANG_WARN_DEPRECATED_OBJC_IMPLEMENTATIONS = YES;
				CLANG_WARN_DIRECT_OBJC_ISA_USAGE = YES_ERROR;
				CLANG_WARN_DOCUMENTATION_COMMENTS = YES;
				CLANG_WARN_EMPTY_BODY = YES;
				CLANG_WARN_ENUM_CONVERSION = YES;
				CLANG_WARN_INFINITE_RECURSION = YES;
				CLANG_WARN_INT_CONVERSION = YES;
				CLANG_WARN_NON_LITERAL_NULL_CONVERSION = YES;
				CLANG_WARN_OBJC_IMPLICIT_RETAIN_SELF = YES;
				CLANG_WARN_OBJC_LITERAL_CONVERSION = YES;
				CLANG_WARN_OBJC_ROOT_CLASS = YES_ERROR;
				CLANG_WARN_QUOTED_INCLUDE_IN_FRAMEWORK_HEADER = YES;
				CLANG_WARN_RANGE_LOOP_ANALYSIS = YES;
				CLANG_WARN_STRICT_PROTOTYPES = YES;
				CLANG_WARN_SUSPICIOUS_MOVE = YES;
				CLANG_WARN_UNGUARDED_AVAILABILITY = YES_AGGRESSIVE;
				CLANG_WARN_UNREACHABLE_CODE = YES;
				CLANG_WARN__DUPLICATE_METHOD_MATCH = YES;
				COPY_PHASE_STRIP = NO;
				DEBUG_INFORMATION_FORMAT = "dwarf-with-dsym";
				ENABLE_NS_ASSERTIONS = NO;
				ENABLE_STRICT_OBJC_MSGSEND = YES;
				GCC_C_LANGUAGE_STANDARD = gnu11;
				GCC_NO_COMMON_BLOCKS = YES;
				GCC_WARN_64_TO_32_BIT_CONVERSION = YES;
				GCC_WARN_ABOUT_RETURN_TYPE = YES_ERROR;
				GCC_WARN_UNDECLARED_SELECTOR = YES;
				GCC_WARN_UNINITIALIZED_AUTOS = YES_AGGRESSIVE;
				GCC_WARN_UNUSED_FUNCTION = YES;
				GCC_WARN_UNUSED_VARIABLE = YES;
				IPHONEOS_DEPLOYMENT_TARGET = 16.4;
				MTL_ENABLE_DEBUG_INFO = NO;
				MTL_FAST_MATH = YES;
				SDKROOT = iphoneos;
				SWIFT_COMPILATION_MODE = wholemodule;
				SWIFT_OPTIMIZATION_LEVEL = "-O";
				VALIDATE_PRODUCT = YES;
			};
			name = Release;
		};
		7B6D51C72A376B11003B1D2F /* Debug */ = {
			isa = XCBuildConfiguration;
			buildSettings = {
				ASSETCATALOG_COMPILER_APPICON_NAME = AppIcon;
				ASSETCATALOG_COMPILER_GLOBAL_ACCENT_COLOR_NAME = AccentColor;
				CODE_SIGN_STYLE = Automatic;
				CURRENT_PROJECT_VERSION = 1;
				DEVELOPMENT_ASSET_PATHS = "\"Git and Github/Preview Content\"";
				DEVELOPMENT_TEAM = TH46X5JFSK;
				ENABLE_PREVIEWS = YES;
				GENERATE_INFOPLIST_FILE = YES;
				INFOPLIST_KEY_UIApplicationSceneManifest_Generation = YES;
				INFOPLIST_KEY_UIApplicationSupportsIndirectInputEvents = YES;
				INFOPLIST_KEY_UILaunchScreen_Generation = YES;
				INFOPLIST_KEY_UISupportedInterfaceOrientations_iPad = "UIInterfaceOrientationPortrait UIInterfaceOrientationPortraitUpsideDown UIInterfaceOrientationLandscapeLeft UIInterfaceOrientationLandscapeRight";
				INFOPLIST_KEY_UISupportedInterfaceOrientations_iPhone = "UIInterfaceOrientationPortrait UIInterfaceOrientationLandscapeLeft UIInterfaceOrientationLandscapeRight";
				LD_RUNPATH_SEARCH_PATHS = (
					"$(inherited)",
					"@executable_path/Frameworks",
				);
				MARKETING_VERSION = 1.0;
				PRODUCT_BUNDLE_IDENTIFIER = "KWK.Git-and-Github";
				PRODUCT_NAME = "$(TARGET_NAME)";
				SWIFT_EMIT_LOC_STRINGS = YES;
				SWIFT_VERSION = 5.0;
				TARGETED_DEVICE_FAMILY = "1,2";
			};
			name = Debug;
		};
		7B6D51C82A376B11003B1D2F /* Release */ = {
			isa = XCBuildConfiguration;
			buildSettings = {
				ASSETCATALOG_COMPILER_APPICON_NAME = AppIcon;
				ASSETCATALOG_COMPILER_GLOBAL_ACCENT_COLOR_NAME = AccentColor;
				CODE_SIGN_STYLE = Automatic;
				CURRENT_PROJECT_VERSION = 1;
				DEVELOPMENT_ASSET_PATHS = "\"Git and Github/Preview Content\"";
				DEVELOPMENT_TEAM = TH46X5JFSK;
				ENABLE_PREVIEWS = YES;
				GENERATE_INFOPLIST_FILE = YES;
				INFOPLIST_KEY_UIApplicationSceneManifest_Generation = YES;
				INFOPLIST_KEY_UIApplicationSupportsIndirectInputEvents = YES;
				INFOPLIST_KEY_UILaunchScreen_Generation = YES;
				INFOPLIST_KEY_UISupportedInterfaceOrientations_iPad = "UIInterfaceOrientationPortrait UIInterfaceOrientationPortraitUpsideDown UIInterfaceOrientationLandscapeLeft UIInterfaceOrientationLandscapeRight";
				INFOPLIST_KEY_UISupportedInterfaceOrientations_iPhone = "UIInterfaceOrientationPortrait UIInterfaceOrientationLandscapeLeft UIInterfaceOrientationLandscapeRight";
				LD_RUNPATH_SEARCH_PATHS = (
					"$(inherited)",
					"@executable_path/Frameworks",
				);
				MARKETING_VERSION = 1.0;
				PRODUCT_BUNDLE_IDENTIFIER = "KWK.Git-and-Github";
				PRODUCT_NAME = "$(TARGET_NAME)";
				SWIFT_EMIT_LOC_STRINGS = YES;
				SWIFT_VERSION = 5.0;
				TARGETED_DEVICE_FAMILY = "1,2";
			};
			name = Release;
		};
		7B6D51CA2A376B11003B1D2F /* Debug */ = {
			isa = XCBuildConfiguration;
			buildSettings = {
				ALWAYS_EMBED_SWIFT_STANDARD_LIBRARIES = YES;
				BUNDLE_LOADER = "$(TEST_HOST)";
				CODE_SIGN_STYLE = Automatic;
				CURRENT_PROJECT_VERSION = 1;
				DEVELOPMENT_TEAM = TH46X5JFSK;
				GENERATE_INFOPLIST_FILE = YES;
				IPHONEOS_DEPLOYMENT_TARGET = 16.4;
				MARKETING_VERSION = 1.0;
				PRODUCT_BUNDLE_IDENTIFIER = "KWK.Git-and-GithubTests";
				PRODUCT_NAME = "$(TARGET_NAME)";
				SWIFT_EMIT_LOC_STRINGS = NO;
				SWIFT_VERSION = 5.0;
				TARGETED_DEVICE_FAMILY = "1,2";
				TEST_HOST = "$(BUILT_PRODUCTS_DIR)/Git and Github.app/$(BUNDLE_EXECUTABLE_FOLDER_PATH)/Git and Github";
			};
			name = Debug;
		};
		7B6D51CB2A376B11003B1D2F /* Release */ = {
			isa = XCBuildConfiguration;
			buildSettings = {
				ALWAYS_EMBED_SWIFT_STANDARD_LIBRARIES = YES;
				BUNDLE_LOADER = "$(TEST_HOST)";
				CODE_SIGN_STYLE = Automatic;
				CURRENT_PROJECT_VERSION = 1;
				DEVELOPMENT_TEAM = TH46X5JFSK;
				GENERATE_INFOPLIST_FILE = YES;
				IPHONEOS_DEPLOYMENT_TARGET = 16.4;
				MARKETING_VERSION = 1.0;
				PRODUCT_BUNDLE_IDENTIFIER = "KWK.Git-and-GithubTests";
				PRODUCT_NAME = "$(TARGET_NAME)";
				SWIFT_EMIT_LOC_STRINGS = NO;
				SWIFT_VERSION = 5.0;
				TARGETED_DEVICE_FAMILY = "1,2";
				TEST_HOST = "$(BUILT_PRODUCTS_DIR)/Git and Github.app/$(BUNDLE_EXECUTABLE_FOLDER_PATH)/Git and Github";
			};
			name = Release;
		};
		7B6D51CD2A376B11003B1D2F /* Debug */ = {
			isa = XCBuildConfiguration;
			buildSettings = {
				ALWAYS_EMBED_SWIFT_STANDARD_LIBRARIES = YES;
				CODE_SIGN_STYLE = Automatic;
				CURRENT_PROJECT_VERSION = 1;
				DEVELOPMENT_TEAM = TH46X5JFSK;
				GENERATE_INFOPLIST_FILE = YES;
				MARKETING_VERSION = 1.0;
				PRODUCT_BUNDLE_IDENTIFIER = "KWK.Git-and-GithubUITests";
				PRODUCT_NAME = "$(TARGET_NAME)";
				SWIFT_EMIT_LOC_STRINGS = NO;
				SWIFT_VERSION = 5.0;
				TARGETED_DEVICE_FAMILY = "1,2";
				TEST_TARGET_NAME = "Git and Github";
			};
			name = Debug;
		};
		7B6D51CE2A376B11003B1D2F /* Release */ = {
			isa = XCBuildConfiguration;
			buildSettings = {
				ALWAYS_EMBED_SWIFT_STANDARD_LIBRARIES = YES;
				CODE_SIGN_STYLE = Automatic;
				CURRENT_PROJECT_VERSION = 1;
				DEVELOPMENT_TEAM = TH46X5JFSK;
				GENERATE_INFOPLIST_FILE = YES;
				MARKETING_VERSION = 1.0;
				PRODUCT_BUNDLE_IDENTIFIER = "KWK.Git-and-GithubUITests";
				PRODUCT_NAME = "$(TARGET_NAME)";
				SWIFT_EMIT_LOC_STRINGS = NO;
				SWIFT_VERSION = 5.0;
				TARGETED_DEVICE_FAMILY = "1,2";
				TEST_TARGET_NAME = "Git and Github";
			};
			name = Release;
		};
/* End XCBuildConfiguration section */

/* Begin XCConfigurationList section */
		7B6D519D2A376B0F003B1D2F /* Build configuration list for PBXProject "Git and Github" */ = {
			isa = XCConfigurationList;
			buildConfigurations = (
				7B6D51C42A376B11003B1D2F /* Debug */,
				7B6D51C52A376B11003B1D2F /* Release */,
			);
			defaultConfigurationIsVisible = 0;
			defaultConfigurationName = Release;
		};
		7B6D51C62A376B11003B1D2F /* Build configuration list for PBXNativeTarget "Git and Github" */ = {
			isa = XCConfigurationList;
			buildConfigurations = (
				7B6D51C72A376B11003B1D2F /* Debug */,
				7B6D51C82A376B11003B1D2F /* Release */,
			);
			defaultConfigurationIsVisible = 0;
			defaultConfigurationName = Release;
		};
		7B6D51C92A376B11003B1D2F /* Build configuration list for PBXNativeTarget "Git and GithubTests" */ = {
			isa = XCConfigurationList;
			buildConfigurations = (
				7B6D51CA2A376B11003B1D2F /* Debug */,
				7B6D51CB2A376B11003B1D2F /* Release */,
			);
			defaultConfigurationIsVisible = 0;
			defaultConfigurationName = Release;
		};
		7B6D51CC2A376B11003B1D2F /* Build configuration list for PBXNativeTarget "Git and GithubUITests" */ = {
			isa = XCConfigurationList;
			buildConfigurations = (
				7B6D51CD2A376B11003B1D2F /* Debug */,
				7B6D51CE2A376B11003B1D2F /* Release */,
			);
			defaultConfigurationIsVisible = 0;
			defaultConfigurationName = Release;
		};
/* End XCConfigurationList section */
	};
	rootObject = 7B6D519A2A376B0F003B1D2F /* Project object */;
}
